
Microsoft Visual Studio Solution File, Format Version 12.00
# Visual Studio 15
VisualStudioVersion = 15.0.28307.421
MinimumVisualStudioVersion = 10.0.40219.1
Project("{9A19103F-16F7-4668-BE54-9A1E7A4F7556}") = "FileTransferApp", "FileTransferApp\FileTransferApp.csproj", "{E6081C6C-5BAE-4899-89C3-CCD0391A0B57}"
EndProject
Project("{2150E333-8FDC-42A3-9474-1A3956D46DE8}") = "Test", "Test", "{EBB9642B-EA57-4A15-96A0-02BFCCC7C28B}"
EndProject
Project("{FAE04EC0-301F-11D3-BF4B-00C04F79EFBC}") = "FileTransfer.Tests", "FileTransfer.Tests\FileTransfer.Tests.csproj", "{E8E90F64-2218-4C53-8E47-EDA17E306BD7}"
EndProject
Global
	GlobalSection(SolutionConfigurationPlatforms) = preSolution
		Debug|Any CPU = Debug|Any CPU
		Release|Any CPU = Release|Any CPU
	EndGlobalSection
	GlobalSection(ProjectConfigurationPlatforms) = postSolution
		{E6081C6C-5BAE-4899-89C3-CCD0391A0B57}.Debug|Any CPU.ActiveCfg = Debug|Any CPU
		{E6081C6C-5BAE-4899-89C3-CCD0391A0B57}.Debug|Any CPU.Build.0 = Debug|Any CPU
		{E6081C6C-5BAE-4899-89C3-CCD0391A0B57}.Release|Any CPU.ActiveCfg = Release|Any CPU
		{E6081C6C-5BAE-4899-89C3-CCD0391A0B57}.Release|Any CPU.Build.0 = Release|Any CPU
		{E8E90F64-2218-4C53-8E47-EDA17E306BD7}.Debug|Any CPU.ActiveCfg = Debug|Any CPU
		{E8E90F64-2218-4C53-8E47-EDA17E306BD7}.Debug|Any CPU.Build.0 = Debug|Any CPU
		{E8E90F64-2218-4C53-8E47-EDA17E306BD7}.Release|Any CPU.ActiveCfg = Release|Any CPU
		{E8E90F64-2218-4C53-8E47-EDA17E306BD7}.Release|Any CPU.Build.0 = Release|Any CPU
	EndGlobalSection
	GlobalSection(SolutionProperties) = preSolution
		HideSolutionNode = FALSE
	EndGlobalSection
	GlobalSection(NestedProjects) = preSolution
		{E8E90F64-2218-4C53-8E47-EDA17E306BD7} = {EBB9642B-EA57-4A15-96A0-02BFCCC7C28B}
	EndGlobalSection
	GlobalSection(ExtensibilityGlobals) = postSolution
		SolutionGuid = {6DE3C801-75AD-4140-AF0D-876E593E993A}
	EndGlobalSection
EndGlobal
